
Microsoft Visual Studio Solution File, Format Version 12.00
# Visual Studio Version 17
VisualStudioVersion = 17.11.35327.3
MinimumVisualStudioVersion = 10.0.40219.1
Project("{FAE04EC0-301F-11D3-BF4B-00C04F79EFBC}") = "S10268407E_PRG2Assignment", "S10268407E_PRG2Assignment\S10268407E_PRG2Assignment.csproj", "{C635FEC6-07E0-4475-8E4C-6B010A31A4FD}"
EndProject
Global
	GlobalSection(SolutionConfigurationPlatforms) = preSolution
		Debug|Any CPU = Debug|Any CPU
		Release|Any CPU = Release|Any CPU
	EndGlobalSection
	GlobalSection(ProjectConfigurationPlatforms) = postSolution
		{C635FEC6-07E0-4475-8E4C-6B010A31A4FD}.Debug|Any CPU.ActiveCfg = Debug|Any CPU
		{C635FEC6-07E0-4475-8E4C-6B010A31A4FD}.Debug|Any CPU.Build.0 = Debug|Any CPU
		{C635FEC6-07E0-4475-8E4C-6B010A31A4FD}.Release|Any CPU.ActiveCfg = Release|Any CPU
		{C635FEC6-07E0-4475-8E4C-6B010A31A4FD}.Release|Any CPU.Build.0 = Release|Any CPU
	EndGlobalSection
	GlobalSection(SolutionProperties) = preSolution
		HideSolutionNode = FALSE
	EndGlobalSection
	GlobalSection(ExtensibilityGlobals) = postSolution
		SolutionGuid = {C827EBC6-040C-471D-A5A3-1126964EC7F2}
	EndGlobalSection
EndGlobal
